
Microsoft Visual Studio Solution File, Format Version 12.00
# Visual Studio 15
VisualStudioVersion = 15.0.27729.1
MinimumVisualStudioVersion = 10.0.40219.1
Project("{9A19103F-16F7-4668-BE54-9A1E7A4F7556}") = "LightInject.Microsoft.AspNetCore.Hosting", "LightInject.Microsoft.AspNetCore.Hosting\LightInject.Microsoft.AspNetCore.Hosting.csproj", "{18F45B19-FD88-461F-9150-2EF8594E5AF1}"
EndProject
Project("{9A19103F-16F7-4668-BE54-9A1E7A4F7556}") = "LightInject.Microsoft.AspNetCore.Hosting.Tests", "LightInject.Microsoft.AspNetCore.Hosting.Tests\LightInject.Microsoft.AspNetCore.Hosting.Tests.csproj", "{2FA88999-F237-40D8-AA43-446A53D53C62}"
EndProject
Global
	GlobalSection(SolutionConfigurationPlatforms) = preSolution
		Debug|Any CPU = Debug|Any CPU
		Release|Any CPU = Release|Any CPU
	EndGlobalSection
	GlobalSection(ProjectConfigurationPlatforms) = postSolution
		{18F45B19-FD88-461F-9150-2EF8594E5AF1}.Debug|Any CPU.ActiveCfg = Debug|Any CPU
		{18F45B19-FD88-461F-9150-2EF8594E5AF1}.Debug|Any CPU.Build.0 = Debug|Any CPU
		{18F45B19-FD88-461F-9150-2EF8594E5AF1}.Release|Any CPU.ActiveCfg = Release|Any CPU
		{18F45B19-FD88-461F-9150-2EF8594E5AF1}.Release|Any CPU.Build.0 = Release|Any CPU
		{2FA88999-F237-40D8-AA43-446A53D53C62}.Debug|Any CPU.ActiveCfg = Debug|Any CPU
		{2FA88999-F237-40D8-AA43-446A53D53C62}.Debug|Any CPU.Build.0 = Debug|Any CPU
		{2FA88999-F237-40D8-AA43-446A53D53C62}.Release|Any CPU.ActiveCfg = Release|Any CPU
		{2FA88999-F237-40D8-AA43-446A53D53C62}.Release|Any CPU.Build.0 = Release|Any CPU
	EndGlobalSection
	GlobalSection(SolutionProperties) = preSolution
		HideSolutionNode = FALSE
	EndGlobalSection
	GlobalSection(ExtensibilityGlobals) = postSolution
		SolutionGuid = {9C39AF6C-8AF8-4ED2-8394-03193000BA08}
	EndGlobalSection
EndGlobal
